<Solution>
  <Folder Name="/src/">
    <Project Path="src/Zombies.Base/Zombies.Base.csproj" />
    <Project Path="src/Zombies.Client/Zombies.Client.csproj" />
    <Project Path="src/Zombies.Domain.Actions/Zombies.Domain.Actions.csproj" />
    <Project Path="src/Zombies.Domain.Combat/Zombies.Domain.Combat.csproj" />
    <Project Path="src/Zombies.Domain.Crafting/Zombies.Domain.Crafting.csproj" />
    <Project Path="src/Zombies.Domain.Death/Zombies.Domain.Death.csproj" />
    <Project Path="src/Zombies.Domain.Economy/Zombies.Domain.Economy.csproj" />
    <Project Path="src/Zombies.Domain.Inventory/Zombies.Domain.Inventory.csproj" />
    <Project Path="src/Zombies.Domain.Items/Zombies.Domain.Items.csproj" />
    <Project Path="src/Zombies.Domain.Mods/Zombies.Domain.Mods.csproj" />
    <Project Path="src/Zombies.Domain.Power/Zombies.Domain.Power.csproj" />
    <Project Path="src/Zombies.Domain.Skills/Zombies.Domain.Skills.csproj" />
    <Project Path="src/Zombies.Domain.StatusEffects/Zombies.Domain.StatusEffects.csproj" />
    <Project Path="src/Zombies.Domain.Survival/Zombies.Domain.Survival.csproj" />
    <Project Path="src/Zombies.Domain.World/Zombies.Domain.World.csproj" />
    <Project Path="src/Zombies.Domain.Zombies/Zombies.Domain.Zombies.csproj" />
    <Project Path="src/Zombies.Engine.Ai/Zombies.Engine.Ai.csproj" />
    <Project Path="src/Zombies.Engine.Animation/Zombies.Engine.Animation.csproj" />
    <Project Path="src/Zombies.Engine.Audio/Zombies.Engine.Audio.csproj" />
    <Project Path="src/Zombies.Engine.Core/Zombies.Engine.Core.csproj" />
    <Project Path="src/Zombies.Engine.Ecs/Zombies.Engine.Ecs.csproj" />
    <Project Path="src/Zombies.Engine.Net/Zombies.Engine.Net.csproj" />
    <Project Path="src/Zombies.Engine.Physics/Zombies.Engine.Physics.csproj" />
    <Project Path="src/Zombies.Engine.Platform/Zombies.Engine.Platform.csproj" />
    <Project Path="src/Zombies.Engine.Render.Vulkan/Zombies.Engine.Render.Vulkan.csproj" />
    <Project Path="src/Zombies.Engine.Render/Zombies.Engine.Render.csproj" />
    <Project Path="src/Zombies.Engine.Ui/Zombies.Engine.Ui.csproj" />
    <Project Path="src/Zombies.Engine.Voxel/Zombies.Engine.Voxel.csproj" />
    <Project Path="src/Zombies.Modding.Api/Zombies.Modding.Api.csproj" />
    <Project Path="src/Zombies.Persistence.Sqlite/Zombies.Persistence.Sqlite.csproj" />
    <Project Path="src/Zombies.Server/Zombies.Server.csproj" />
  </Folder>
  <Folder Name="/mods/">
    <Project Path="mods/sample_code/source/SampleCodeMod.csproj" />
  </Folder>
  <Folder Name="/tests/">
    <Project Path="tests/Benchmarks.Tests/Benchmarks.Tests.csproj" />
    <Project Path="tests/ContentJudge.Tests/ContentJudge.Tests.csproj" />
    <Project Path="tests/Zombies.Domain.Tests/Zombies.Domain.Tests.csproj" />
    <Project Path="tests/Zombies.Engine.Tests/Zombies.Engine.Tests.csproj" />
    <Project Path="tests/Zombies.Persistence.Tests/Zombies.Persistence.Tests.csproj" />
  </Folder>
  <Folder Name="/tools/">
    <Project Path="tools/Benchmarks/Benchmarks.csproj" />
    <Project Path="tools/ContentJudge/ContentJudge.csproj" />
    <Project Path="tools/SimHarness/SimHarness.csproj" />
  </Folder>
</Solution>
